
Microsoft Visual Studio Solution File, Format Version 12.00
# Visual Studio Version 17
VisualStudioVersion = 17.3.32811.315
MinimumVisualStudioVersion = 10.0.40219.1
Project("{FAE04EC0-301F-11D3-BF4B-00C04F79EFBC}") = "RobloxStatusChecker", "RobloxStatusChecker\RobloxStatusChecker.csproj", "{18A5E6C4-16B7-42CA-9501-6FF6F1BE6F11}"
EndProject
Global
	GlobalSection(SolutionConfigurationPlatforms) = preSolution
		Debug|Any CPU = Debug|Any CPU
		Release|Any CPU = Release|Any CPU
	EndGlobalSection
	GlobalSection(ProjectConfigurationPlatforms) = postSolution
		{18A5E6C4-16B7-42CA-9501-6FF6F1BE6F11}.Debug|Any CPU.ActiveCfg = Debug|Any CPU
		{18A5E6C4-16B7-42CA-9501-6FF6F1BE6F11}.Debug|Any CPU.Build.0 = Debug|Any CPU
		{18A5E6C4-16B7-42CA-9501-6FF6F1BE6F11}.Release|Any CPU.ActiveCfg = Release|Any CPU
		{18A5E6C4-16B7-42CA-9501-6FF6F1BE6F11}.Release|Any CPU.Build.0 = Release|Any CPU
	EndGlobalSection
	GlobalSection(SolutionProperties) = preSolution
		HideSolutionNode = FALSE
	EndGlobalSection
	GlobalSection(ExtensibilityGlobals) = postSolution
		SolutionGuid = {5545F8A3-BEAD-4003-938E-B9FFEC70D97B}
	EndGlobalSection
EndGlobal
